
Microsoft Visual Studio Solution File, Format Version 12.00
# Visual Studio 2012
Project("{FAE04EC0-301F-11D3-BF4B-00C04F79EFBC}") = "ejercicio2", "ejercicio2\ejercicio2.csproj", "{C49B9D09-F8F9-4BA5-9E63-AA5223E67BAB}"
EndProject
Global
	GlobalSection(SolutionConfigurationPlatforms) = preSolution
		Debug|Any CPU = Debug|Any CPU
		Release|Any CPU = Release|Any CPU
	EndGlobalSection
	GlobalSection(ProjectConfigurationPlatforms) = postSolution
		{C49B9D09-F8F9-4BA5-9E63-AA5223E67BAB}.Debug|Any CPU.ActiveCfg = Debug|Any CPU
		{C49B9D09-F8F9-4BA5-9E63-AA5223E67BAB}.Debug|Any CPU.Build.0 = Debug|Any CPU
		{C49B9D09-F8F9-4BA5-9E63-AA5223E67BAB}.Release|Any CPU.ActiveCfg = Release|Any CPU
		{C49B9D09-F8F9-4BA5-9E63-AA5223E67BAB}.Release|Any CPU.Build.0 = Release|Any CPU
	EndGlobalSection
	GlobalSection(SolutionProperties) = preSolution
		HideSolutionNode = FALSE
	EndGlobalSection
EndGlobal
